
Microsoft Visual Studio Solution File, Format Version 12.00
# Visual Studio Version 17
Project("{2150E333-8FDC-42A3-9474-1A3956D46DE8}") = "CMakePredefinedTargets", "CMakePredefinedTargets", "{C0F2226B-8632-3DA4-9EBA-9821F05C8660}"
EndProject
Project("{8BC9CEB8-8B4A-11D0-8D11-00A0C91BC942}") = "ALL_BUILD", "ALL_BUILD.vcxproj", "{FDC051A2-FD60-31CE-95B8-2EA74AE84324}"
	ProjectSection(ProjectDependencies) = postProject
		{4BA6674B-E32E-3CF3-A68A-65BDB72EC959} = {4BA6674B-E32E-3CF3-A68A-65BDB72EC959}
		{0B650C45-9C06-3D47-B2DA-25FBA689ADB2} = {0B650C45-9C06-3D47-B2DA-25FBA689ADB2}
		{DB929CFF-A26D-352E-9A36-68C652BEE43C} = {DB929CFF-A26D-352E-9A36-68C652BEE43C}
		{E8B976A4-F93B-3B1B-B750-70F97FD7F52A} = {E8B976A4-F93B-3B1B-B750-70F97FD7F52A}
		{8AB13FF8-663D-3E38-9AF7-756DBC8AD9D8} = {8AB13FF8-663D-3E38-9AF7-756DBC8AD9D8}
		{92ABB8CA-7966-39ED-B3E9-9D23A9662A67} = {92ABB8CA-7966-39ED-B3E9-9D23A9662A67}
		{4023E447-5AE0-36C8-9A8D-409C8F411A84} = {4023E447-5AE0-36C8-9A8D-409C8F411A84}
		{AD4C9564-F47F-3DF6-95E7-942301F00E41} = {AD4C9564-F47F-3DF6-95E7-942301F00E41}
	EndProjectSection
EndProject
Project("{8BC9CEB8-8B4A-11D0-8D11-00A0C91BC942}") = "Enigma", "Enigma.vcxproj", "{4BA6674B-E32E-3CF3-A68A-65BDB72EC959}"
	ProjectSection(ProjectDependencies) = postProject
		{0B650C45-9C06-3D47-B2DA-25FBA689ADB2} = {0B650C45-9C06-3D47-B2DA-25FBA689ADB2}
		{8AB13FF8-663D-3E38-9AF7-756DBC8AD9D8} = {8AB13FF8-663D-3E38-9AF7-756DBC8AD9D8}
		{92ABB8CA-7966-39ED-B3E9-9D23A9662A67} = {92ABB8CA-7966-39ED-B3E9-9D23A9662A67}
		{4023E447-5AE0-36C8-9A8D-409C8F411A84} = {4023E447-5AE0-36C8-9A8D-409C8F411A84}
	EndProjectSection
EndProject
Project("{8BC9CEB8-8B4A-11D0-8D11-00A0C91BC942}") = "SDL2", "External\SDL\SDL2.vcxproj", "{0B650C45-9C06-3D47-B2DA-25FBA689ADB2}"
	ProjectSection(ProjectDependencies) = postProject
		{92ABB8CA-7966-39ED-B3E9-9D23A9662A67} = {92ABB8CA-7966-39ED-B3E9-9D23A9662A67}
		{06E950F6-01D0-313B-B7B2-3D04B9FC8F86} = {06E950F6-01D0-313B-B7B2-3D04B9FC8F86}
	EndProjectSection
EndProject
Project("{8BC9CEB8-8B4A-11D0-8D11-00A0C91BC942}") = "SDL2-static", "External\SDL\SDL2-static.vcxproj", "{DB929CFF-A26D-352E-9A36-68C652BEE43C}"
	ProjectSection(ProjectDependencies) = postProject
		{92ABB8CA-7966-39ED-B3E9-9D23A9662A67} = {92ABB8CA-7966-39ED-B3E9-9D23A9662A67}
		{06E950F6-01D0-313B-B7B2-3D04B9FC8F86} = {06E950F6-01D0-313B-B7B2-3D04B9FC8F86}
	EndProjectSection
EndProject
Project("{8BC9CEB8-8B4A-11D0-8D11-00A0C91BC942}") = "SDL2_test", "External\SDL\SDL2_test.vcxproj", "{E8B976A4-F93B-3B1B-B750-70F97FD7F52A}"
	ProjectSection(ProjectDependencies) = postProject
		{92ABB8CA-7966-39ED-B3E9-9D23A9662A67} = {92ABB8CA-7966-39ED-B3E9-9D23A9662A67}
		{06E950F6-01D0-313B-B7B2-3D04B9FC8F86} = {06E950F6-01D0-313B-B7B2-3D04B9FC8F86}
	EndProjectSection
EndProject
Project("{8BC9CEB8-8B4A-11D0-8D11-00A0C91BC942}") = "SDL2main", "External\SDL\SDL2main.vcxproj", "{8AB13FF8-663D-3E38-9AF7-756DBC8AD9D8}"
	ProjectSection(ProjectDependencies) = postProject
		{92ABB8CA-7966-39ED-B3E9-9D23A9662A67} = {92ABB8CA-7966-39ED-B3E9-9D23A9662A67}
		{06E950F6-01D0-313B-B7B2-3D04B9FC8F86} = {06E950F6-01D0-313B-B7B2-3D04B9FC8F86}
	EndProjectSection
EndProject
Project("{8BC9CEB8-8B4A-11D0-8D11-00A0C91BC942}") = "ZERO_CHECK", "ZERO_CHECK.vcxproj", "{92ABB8CA-7966-39ED-B3E9-9D23A9662A67}"
	ProjectSection(ProjectDependencies) = postProject
	EndProjectSection
EndProject
Project("{8BC9CEB8-8B4A-11D0-8D11-00A0C91BC942}") = "glad", "glad.vcxproj", "{4023E447-5AE0-36C8-9A8D-409C8F411A84}"
	ProjectSection(ProjectDependencies) = postProject
		{92ABB8CA-7966-39ED-B3E9-9D23A9662A67} = {92ABB8CA-7966-39ED-B3E9-9D23A9662A67}
	EndProjectSection
EndProject
Project("{8BC9CEB8-8B4A-11D0-8D11-00A0C91BC942}") = "imgui", "imgui.vcxproj", "{AD4C9564-F47F-3DF6-95E7-942301F00E41}"
	ProjectSection(ProjectDependencies) = postProject
		{92ABB8CA-7966-39ED-B3E9-9D23A9662A67} = {92ABB8CA-7966-39ED-B3E9-9D23A9662A67}
	EndProjectSection
EndProject
Project("{8BC9CEB8-8B4A-11D0-8D11-00A0C91BC942}") = "sdl_headers_copy", "External\SDL\sdl_headers_copy.vcxproj", "{06E950F6-01D0-313B-B7B2-3D04B9FC8F86}"
	ProjectSection(ProjectDependencies) = postProject
		{92ABB8CA-7966-39ED-B3E9-9D23A9662A67} = {92ABB8CA-7966-39ED-B3E9-9D23A9662A67}
	EndProjectSection
EndProject
Project("{8BC9CEB8-8B4A-11D0-8D11-00A0C91BC942}") = "uninstall", "External\SDL\uninstall.vcxproj", "{8FF8750D-4DD6-3B60-9A49-A0AAA168CE08}"
	ProjectSection(ProjectDependencies) = postProject
		{92ABB8CA-7966-39ED-B3E9-9D23A9662A67} = {92ABB8CA-7966-39ED-B3E9-9D23A9662A67}
	EndProjectSection
EndProject
Global
	GlobalSection(SolutionConfigurationPlatforms) = preSolution
		Debug|x64 = Debug|x64
		Release|x64 = Release|x64
		MinSizeRel|x64 = MinSizeRel|x64
		RelWithDebInfo|x64 = RelWithDebInfo|x64
	EndGlobalSection
	GlobalSection(ProjectConfigurationPlatforms) = postSolution
		{FDC051A2-FD60-31CE-95B8-2EA74AE84324}.Debug|x64.ActiveCfg = Debug|x64
		{FDC051A2-FD60-31CE-95B8-2EA74AE84324}.Release|x64.ActiveCfg = Release|x64
		{FDC051A2-FD60-31CE-95B8-2EA74AE84324}.MinSizeRel|x64.ActiveCfg = MinSizeRel|x64
		{FDC051A2-FD60-31CE-95B8-2EA74AE84324}.RelWithDebInfo|x64.ActiveCfg = RelWithDebInfo|x64
		{4BA6674B-E32E-3CF3-A68A-65BDB72EC959}.Debug|x64.ActiveCfg = Debug|x64
		{4BA6674B-E32E-3CF3-A68A-65BDB72EC959}.Debug|x64.Build.0 = Debug|x64
		{4BA6674B-E32E-3CF3-A68A-65BDB72EC959}.Release|x64.ActiveCfg = Release|x64
		{4BA6674B-E32E-3CF3-A68A-65BDB72EC959}.Release|x64.Build.0 = Release|x64
		{4BA6674B-E32E-3CF3-A68A-65BDB72EC959}.MinSizeRel|x64.ActiveCfg = MinSizeRel|x64
		{4BA6674B-E32E-3CF3-A68A-65BDB72EC959}.MinSizeRel|x64.Build.0 = MinSizeRel|x64
		{4BA6674B-E32E-3CF3-A68A-65BDB72EC959}.RelWithDebInfo|x64.ActiveCfg = RelWithDebInfo|x64
		{4BA6674B-E32E-3CF3-A68A-65BDB72EC959}.RelWithDebInfo|x64.Build.0 = RelWithDebInfo|x64
		{0B650C45-9C06-3D47-B2DA-25FBA689ADB2}.Debug|x64.ActiveCfg = Debug|x64
		{0B650C45-9C06-3D47-B2DA-25FBA689ADB2}.Debug|x64.Build.0 = Debug|x64
		{0B650C45-9C06-3D47-B2DA-25FBA689ADB2}.Release|x64.ActiveCfg = Release|x64
		{0B650C45-9C06-3D47-B2DA-25FBA689ADB2}.Release|x64.Build.0 = Release|x64
		{0B650C45-9C06-3D47-B2DA-25FBA689ADB2}.MinSizeRel|x64.ActiveCfg = MinSizeRel|x64
		{0B650C45-9C06-3D47-B2DA-25FBA689ADB2}.MinSizeRel|x64.Build.0 = MinSizeRel|x64
		{0B650C45-9C06-3D47-B2DA-25FBA689ADB2}.RelWithDebInfo|x64.ActiveCfg = RelWithDebInfo|x64
		{0B650C45-9C06-3D47-B2DA-25FBA689ADB2}.RelWithDebInfo|x64.Build.0 = RelWithDebInfo|x64
		{DB929CFF-A26D-352E-9A36-68C652BEE43C}.Debug|x64.ActiveCfg = Debug|x64
		{DB929CFF-A26D-352E-9A36-68C652BEE43C}.Debug|x64.Build.0 = Debug|x64
		{DB929CFF-A26D-352E-9A36-68C652BEE43C}.Release|x64.ActiveCfg = Release|x64
		{DB929CFF-A26D-352E-9A36-68C652BEE43C}.Release|x64.Build.0 = Release|x64
		{DB929CFF-A26D-352E-9A36-68C652BEE43C}.MinSizeRel|x64.ActiveCfg = MinSizeRel|x64
		{DB929CFF-A26D-352E-9A36-68C652BEE43C}.MinSizeRel|x64.Build.0 = MinSizeRel|x64
		{DB929CFF-A26D-352E-9A36-68C652BEE43C}.RelWithDebInfo|x64.ActiveCfg = RelWithDebInfo|x64
		{DB929CFF-A26D-352E-9A36-68C652BEE43C}.RelWithDebInfo|x64.Build.0 = RelWithDebInfo|x64
		{E8B976A4-F93B-3B1B-B750-70F97FD7F52A}.Debug|x64.ActiveCfg = Debug|x64
		{E8B976A4-F93B-3B1B-B750-70F97FD7F52A}.Debug|x64.Build.0 = Debug|x64
		{E8B976A4-F93B-3B1B-B750-70F97FD7F52A}.Release|x64.ActiveCfg = Release|x64
		{E8B976A4-F93B-3B1B-B750-70F97FD7F52A}.Release|x64.Build.0 = Release|x64
		{E8B976A4-F93B-3B1B-B750-70F97FD7F52A}.MinSizeRel|x64.ActiveCfg = MinSizeRel|x64
		{E8B976A4-F93B-3B1B-B750-70F97FD7F52A}.MinSizeRel|x64.Build.0 = MinSizeRel|x64
		{E8B976A4-F93B-3B1B-B750-70F97FD7F52A}.RelWithDebInfo|x64.ActiveCfg = RelWithDebInfo|x64
		{E8B976A4-F93B-3B1B-B750-70F97FD7F52A}.RelWithDebInfo|x64.Build.0 = RelWithDebInfo|x64
		{8AB13FF8-663D-3E38-9AF7-756DBC8AD9D8}.Debug|x64.ActiveCfg = Debug|x64
		{8AB13FF8-663D-3E38-9AF7-756DBC8AD9D8}.Debug|x64.Build.0 = Debug|x64
		{8AB13FF8-663D-3E38-9AF7-756DBC8AD9D8}.Release|x64.ActiveCfg = Release|x64
		{8AB13FF8-663D-3E38-9AF7-756DBC8AD9D8}.Release|x64.Build.0 = Release|x64
		{8AB13FF8-663D-3E38-9AF7-756DBC8AD9D8}.MinSizeRel|x64.ActiveCfg = MinSizeRel|x64
		{8AB13FF8-663D-3E38-9AF7-756DBC8AD9D8}.MinSizeRel|x64.Build.0 = MinSizeRel|x64
		{8AB13FF8-663D-3E38-9AF7-756DBC8AD9D8}.RelWithDebInfo|x64.ActiveCfg = RelWithDebInfo|x64
		{8AB13FF8-663D-3E38-9AF7-756DBC8AD9D8}.RelWithDebInfo|x64.Build.0 = RelWithDebInfo|x64
		{92ABB8CA-7966-39ED-B3E9-9D23A9662A67}.Debug|x64.ActiveCfg = Debug|x64
		{92ABB8CA-7966-39ED-B3E9-9D23A9662A67}.Debug|x64.Build.0 = Debug|x64
		{92ABB8CA-7966-39ED-B3E9-9D23A9662A67}.Release|x64.ActiveCfg = Release|x64
		{92ABB8CA-7966-39ED-B3E9-9D23A9662A67}.Release|x64.Build.0 = Release|x64
		{92ABB8CA-7966-39ED-B3E9-9D23A9662A67}.MinSizeRel|x64.ActiveCfg = MinSizeRel|x64
		{92ABB8CA-7966-39ED-B3E9-9D23A9662A67}.MinSizeRel|x64.Build.0 = MinSizeRel|x64
		{92ABB8CA-7966-39ED-B3E9-9D23A9662A67}.RelWithDebInfo|x64.ActiveCfg = RelWithDebInfo|x64
		{92ABB8CA-7966-39ED-B3E9-9D23A9662A67}.RelWithDebInfo|x64.Build.0 = RelWithDebInfo|x64
		{4023E447-5AE0-36C8-9A8D-409C8F411A84}.Debug|x64.ActiveCfg = Debug|x64
		{4023E447-5AE0-36C8-9A8D-409C8F411A84}.Debug|x64.Build.0 = Debug|x64
		{4023E447-5AE0-36C8-9A8D-409C8F411A84}.Release|x64.ActiveCfg = Release|x64
		{4023E447-5AE0-36C8-9A8D-409C8F411A84}.Release|x64.Build.0 = Release|x64
		{4023E447-5AE0-36C8-9A8D-409C8F411A84}.MinSizeRel|x64.ActiveCfg = MinSizeRel|x64
		{4023E447-5AE0-36C8-9A8D-409C8F411A84}.MinSizeRel|x64.Build.0 = MinSizeRel|x64
		{4023E447-5AE0-36C8-9A8D-409C8F411A84}.RelWithDebInfo|x64.ActiveCfg = RelWithDebInfo|x64
		{4023E447-5AE0-36C8-9A8D-409C8F411A84}.RelWithDebInfo|x64.Build.0 = RelWithDebInfo|x64
		{AD4C9564-F47F-3DF6-95E7-942301F00E41}.Debug|x64.ActiveCfg = Debug|x64
		{AD4C9564-F47F-3DF6-95E7-942301F00E41}.Debug|x64.Build.0 = Debug|x64
		{AD4C9564-F47F-3DF6-95E7-942301F00E41}.Release|x64.ActiveCfg = Release|x64
		{AD4C9564-F47F-3DF6-95E7-942301F00E41}.Release|x64.Build.0 = Release|x64
		{AD4C9564-F47F-3DF6-95E7-942301F00E41}.MinSizeRel|x64.ActiveCfg = MinSizeRel|x64
		{AD4C9564-F47F-3DF6-95E7-942301F00E41}.MinSizeRel|x64.Build.0 = MinSizeRel|x64
		{AD4C9564-F47F-3DF6-95E7-942301F00E41}.RelWithDebInfo|x64.ActiveCfg = RelWithDebInfo|x64
		{AD4C9564-F47F-3DF6-95E7-942301F00E41}.RelWithDebInfo|x64.Build.0 = RelWithDebInfo|x64
		{06E950F6-01D0-313B-B7B2-3D04B9FC8F86}.Debug|x64.ActiveCfg = Debug|x64
		{06E950F6-01D0-313B-B7B2-3D04B9FC8F86}.Debug|x64.Build.0 = Debug|x64
		{06E950F6-01D0-313B-B7B2-3D04B9FC8F86}.Release|x64.ActiveCfg = Release|x64
		{06E950F6-01D0-313B-B7B2-3D04B9FC8F86}.Release|x64.Build.0 = Release|x64
		{06E950F6-01D0-313B-B7B2-3D04B9FC8F86}.MinSizeRel|x64.ActiveCfg = MinSizeRel|x64
		{06E950F6-01D0-313B-B7B2-3D04B9FC8F86}.MinSizeRel|x64.Build.0 = MinSizeRel|x64
		{06E950F6-01D0-313B-B7B2-3D04B9FC8F86}.RelWithDebInfo|x64.ActiveCfg = RelWithDebInfo|x64
		{06E950F6-01D0-313B-B7B2-3D04B9FC8F86}.RelWithDebInfo|x64.Build.0 = RelWithDebInfo|x64
		{8FF8750D-4DD6-3B60-9A49-A0AAA168CE08}.Debug|x64.ActiveCfg = Debug|x64
		{8FF8750D-4DD6-3B60-9A49-A0AAA168CE08}.Release|x64.ActiveCfg = Release|x64
		{8FF8750D-4DD6-3B60-9A49-A0AAA168CE08}.MinSizeRel|x64.ActiveCfg = MinSizeRel|x64
		{8FF8750D-4DD6-3B60-9A49-A0AAA168CE08}.RelWithDebInfo|x64.ActiveCfg = RelWithDebInfo|x64
	EndGlobalSection
	GlobalSection(NestedProjects) = preSolution
		{FDC051A2-FD60-31CE-95B8-2EA74AE84324} = {C0F2226B-8632-3DA4-9EBA-9821F05C8660}
		{92ABB8CA-7966-39ED-B3E9-9D23A9662A67} = {C0F2226B-8632-3DA4-9EBA-9821F05C8660}
	EndGlobalSection
	GlobalSection(ExtensibilityGlobals) = postSolution
		SolutionGuid = {8D3BCE2B-A638-3A17-BBC8-A42D41E7B6CC}
	EndGlobalSection
	GlobalSection(ExtensibilityAddIns) = postSolution
	EndGlobalSection
EndGlobal
